PODS:
  - Alamofire (5.0.5)
  - SDWebImage (5.10.0):
    - SDWebImage/Core (= 5.10.0)
  - SDWebImage/Core (5.10.0)
  - SegementSlide (3.0.1)
  - SwiftyJSON (4.3.0)

DEPENDENCIES:
  - Alamofire (~> 5.0.0-rc.3)
  - SDWebImage (~> 5.0)
  - SegementSlide (= 3.0.1)
  - SwiftyJSON (~> 4.0)

SPEC REPOS:
  trunk:
    - Alamofire
    - SDWebImage
    - SegementSlide
    - SwiftyJSON

SPEC CHECKSUMS:
  Alamofire: df2f8f826963b08b9a870791ad48e07a10090b2e
  SDWebImage: 9169792e9eec3e45bba2a0c02f74bf8bd922d1ee
  SegementSlide: 83b56ffb66b9c0edc4e4f2a74229309c62915db3
  SwiftyJSON: 6faa0040f8b59dead0ee07436cbf76b73c08fd08

PODFILE CHECKSUM: 4717c4768b8e7ca04efbadd4cdfded1dcdce6ff5

COCOAPODS: 1.9.3
